dependencies:
  idf:
    source:
      type: idf
    version: 6.0.1
  lvgl/lvgl:
    dependencies: []
    source:
      path: components/lvgl_port/lvgl__lvgl
      type: local
    version: 8.4.0
direct_dependencies:
- idf
- lvgl/lvgl
manifest_hash: 117ced8322af7760089da23fb3c5192e275d0a212b0938d31ecb057b653a5cef
target: esp32s3
version: 3.0.0
